
Microsoft Visual Studio Solution File, Format Version 12.00
# Visual Studio Version 17
VisualStudioVersion = 17.7.34221.43
MinimumVisualStudioVersion = 10.0.40219.1
Project("{F184B08F-C81C-45F6-A57F-5ABD9991F28F}") = "FormAngka1", "FormAngka1\FormAngka1.vbproj", "{53B7D939-21D3-4FAF-9B99-314BD873668F}"
EndProject
Global
	GlobalSection(SolutionConfigurationPlatforms) = preSolution
		Debug|Any CPU = Debug|Any CPU
		Release|Any CPU = Release|Any CPU
	EndGlobalSection
	GlobalSection(ProjectConfigurationPlatforms) = postSolution
		{53B7D939-21D3-4FAF-9B99-314BD873668F}.Debug|Any CPU.ActiveCfg = Debug|Any CPU
		{53B7D939-21D3-4FAF-9B99-314BD873668F}.Debug|Any CPU.Build.0 = Debug|Any CPU
		{53B7D939-21D3-4FAF-9B99-314BD873668F}.Release|Any CPU.ActiveCfg = Release|Any CPU
		{53B7D939-21D3-4FAF-9B99-314BD873668F}.Release|Any CPU.Build.0 = Release|Any CPU
	EndGlobalSection
	GlobalSection(SolutionProperties) = preSolution
		HideSolutionNode = FALSE
	EndGlobalSection
	GlobalSection(ExtensibilityGlobals) = postSolution
		SolutionGuid = {CE25ECF0-E404-4B09-80BF-FEA83FE72A74}
	EndGlobalSection
EndGlobal
